
Microsoft Visual Studio Solution File, Format Version 9.00
# Visual Studio 2005
Project("{FAE04EC0-301F-11D3-BF4B-00C04F79EFBC}") = "sepientes y escaleras", "sepientes y escaleras\sepientes y escaleras.csproj", "{4E14F333-BBC2-401E-B4A2-EEEDB92ADD76}"
EndProject
Global
	GlobalSection(SolutionConfigurationPlatforms) = preSolution
		Debug|Any CPU = Debug|Any CPU
		Release|Any CPU = Release|Any CPU
	EndGlobalSection
	GlobalSection(ProjectConfigurationPlatforms) = postSolution
		{4E14F333-BBC2-401E-B4A2-EEEDB92ADD76}.Debug|Any CPU.ActiveCfg = Debug|Any CPU
		{4E14F333-BBC2-401E-B4A2-EEEDB92ADD76}.Debug|Any CPU.Build.0 = Debug|Any CPU
		{4E14F333-BBC2-401E-B4A2-EEEDB92ADD76}.Release|Any CPU.ActiveCfg = Release|Any CPU
		{4E14F333-BBC2-401E-B4A2-EEEDB92ADD76}.Release|Any CPU.Build.0 = Release|Any CPU
	EndGlobalSection
	GlobalSection(SolutionProperties) = preSolution
		HideSolutionNode = FALSE
	EndGlobalSection
EndGlobal
